
Microsoft Visual Studio Solution File, Format Version 12.00
# Visual Studio Version 17
VisualStudioVersion = 17.0.31903.59
MinimumVisualStudioVersion = 10.0.40219.1
Project("{9A19103F-16F7-4668-BE54-9A1E7A4F7556}") = "EntityFrameworkExamples", "EntityFrameworkExamples\EntityFrameworkExamples.csproj", "{5927AB98-CDCD-40FF-9EEC-B3B37494F4F6}"
EndProject
Project("{9A19103F-16F7-4668-BE54-9A1E7A4F7556}") = "Console", "Console\Console.csproj", "{1085BD00-AF45-4D4E-A31E-F5238C8BD5B7}"
EndProject
Global
	GlobalSection(SolutionConfigurationPlatforms) = preSolution
		Debug|Any CPU = Debug|Any CPU
		Release|Any CPU = Release|Any CPU
	EndGlobalSection
	GlobalSection(ProjectConfigurationPlatforms) = postSolution
		{5927AB98-CDCD-40FF-9EEC-B3B37494F4F6}.Debug|Any CPU.ActiveCfg = Debug|Any CPU
		{5927AB98-CDCD-40FF-9EEC-B3B37494F4F6}.Debug|Any CPU.Build.0 = Debug|Any CPU
		{5927AB98-CDCD-40FF-9EEC-B3B37494F4F6}.Release|Any CPU.ActiveCfg = Release|Any CPU
		{5927AB98-CDCD-40FF-9EEC-B3B37494F4F6}.Release|Any CPU.Build.0 = Release|Any CPU
		{1085BD00-AF45-4D4E-A31E-F5238C8BD5B7}.Debug|Any CPU.ActiveCfg = Debug|Any CPU
		{1085BD00-AF45-4D4E-A31E-F5238C8BD5B7}.Debug|Any CPU.Build.0 = Debug|Any CPU
		{1085BD00-AF45-4D4E-A31E-F5238C8BD5B7}.Release|Any CPU.ActiveCfg = Release|Any CPU
		{1085BD00-AF45-4D4E-A31E-F5238C8BD5B7}.Release|Any CPU.Build.0 = Release|Any CPU
	EndGlobalSection
	GlobalSection(SolutionProperties) = preSolution
		HideSolutionNode = FALSE
	EndGlobalSection
	GlobalSection(ExtensibilityGlobals) = postSolution
		SolutionGuid = {A2AC8336-9244-4F4F-9C9E-54A77EEEF725}
	EndGlobalSection
EndGlobal
